PODS:
  - AFNetworking (3.2.1):
    - AFNetworking/NSURLSession (= 3.2.1)
    - AFNetworking/Reachability (= 3.2.1)
    - AFNetworking/Security (= 3.2.1)
    - AFNetworking/Serialization (= 3.2.1)
    - AFNetworking/UIKit (= 3.2.1)
  - AFNetworking/NSURLSession (3.2.1):
    - AFNetworking/Reachability
    - AFNetworking/Security
    - AFNetworking/Serialization
  - AFNetworking/Reachability (3.2.1)
  - AFNetworking/Security (3.2.1)
  - AFNetworking/Serialization (3.2.1)
  - AFNetworking/UIKit (3.2.1):
    - AFNetworking/NSURLSession
  - DZNEmptyDataSet (1.8.1)
  - FBRetainCycleDetector (0.1.4)
  - FMDB (2.7.5):
    - FMDB/standard (= 2.7.5)
  - FMDB/standard (2.7.5)
  - IQKeyboardManager (6.2.1)
  - JRSwizzle (1.0)
  - Masonry (1.1.0)
  - MBProgressHUD (1.1.0)
  - MJRefresh (3.1.16)
  - MLeaksFinder (1.0.0):
    - FBRetainCycleDetector
  - QMUIKit (3.1.7):
    - QMUIKit/QMUIComponents (= 3.1.7)
    - QMUIKit/QMUICore (= 3.1.7)
    - QMUIKit/QMUILog (= 3.1.7)
    - QMUIKit/QMUIMainFrame (= 3.1.7)
    - QMUIKit/QMUIResources (= 3.1.7)
    - QMUIKit/QMUIWeakObjectContainer (= 3.1.7)
  - SDCycleScrollView (1.80):
    - SDWebImage (>= 5.0.0)
  - SDWebImage (5.0.2):
    - SDWebImage/Core (= 5.0.2)
  - SDWebImage/Core (5.0.2)
  - WHDebugTool (1.7)
  - WTSafeGuard (1.3.1):
    - JRSwizzle
  - YHDataSource (0.2.1):
    - DZNEmptyDataSet (~> 1.8.1)
  - YHNetworkTools (0.1.4):
    - AFNetworking (~> 3.2.1)
    - MBProgressHUD (~> 1.1.0)
    - YLJsonLib (~> 0.1.7)
  - YHTrackSDK-iOS (0.1.4)
  - YLJsonLib (0.1.7)

DEPENDENCIES:
  - AFNetworking
  - FMDB
  - IQKeyboardManager
  - Masonry
  - MBProgressHUD
  - MJRefresh
  - MLeaksFinder
  - QMUIKit
  - SDCycleScrollView
  - SDWebImage
  - WHDebugTool
  - WTSafeGuard
  - YHDataSource
  - YHNetworkTools
  - YHTrackSDK-iOS

SPEC REPOS:
  https://github.com/cocoapods/specs.git:
    - AFNetworking
    - DZNEmptyDataSet
    - FBRetainCycleDetector
    - FMDB
    - IQKeyboardManager
    - JRSwizzle
    - Masonry
    - MBProgressHUD
    - MJRefresh
    - MLeaksFinder
    - QMUIKit
    - SDCycleScrollView
    - SDWebImage
    - WHDebugTool
    - WTSafeGuard
    - YHDataSource
    - YHNetworkTools
    - YHTrackSDK-iOS
    - YLJsonLib

SPEC CHECKSUMS:
  AFNetworking: b6f891fdfaed196b46c7a83cf209e09697b94057
  DZNEmptyDataSet: 9525833b9e68ac21c30253e1d3d7076cc828eaa7
  FBRetainCycleDetector: 46f8179bbb1c587deee3ea838a1a3ee02acf5015
  FMDB: 2ce00b547f966261cd18927a3ddb07cb6f3db82a
  IQKeyboardManager: 964638372b4a61892cc74fdfa6fd26de8c9464a2
  JRSwizzle: dd5ead5d913a0f29e7f558200165849f006bb1e3
  Masonry: 678fab65091a9290e40e2832a55e7ab731aad201
  MBProgressHUD: e7baa36a220447d8aeb12769bf0585582f3866d9
  MJRefresh: 7798e16e53a5ef7f332dd05b27664db4e29530fd
  MLeaksFinder: 8c435bd2f6d070af18cff082b503b21adc130fc0
  QMUIKit: de5dce4852e6856f8d87b3553505b693c003265f
  SDCycleScrollView: b3c9a5ed840c771c4938978174c7c9d9feefeb96
  SDWebImage: 6764b5fa0f73c203728052955dbefa2bf1f33282
  WHDebugTool: b3491d564804496891464c3df69543eb6e50621d
  WTSafeGuard: b849e1ef4bc0750a92b3e408adc1e84643ec7034
  YHDataSource: 3e04b3fb90b3a7a493a4db8f4d620dfdfeb18389
  YHNetworkTools: 94c07d7bbcf3a8befacaced5a1bef699579f7a7b
  YHTrackSDK-iOS: 21fd5de4f7e546d24c1f1cda20d87ea3054cbeb6
  YLJsonLib: 33f55d1aae8a701de15d4004f2c22c44111116eb

PODFILE CHECKSUM: b23f8341fbef165919004e104e8e9de83d917a2c

COCOAPODS: 1.6.1
